
Microsoft Visual Studio Solution File, Format Version 12.00
# Visual Studio Version 18
VisualStudioVersion = 18.8.12023.21
MinimumVisualStudioVersion = 10.0.40219.1
Project("{FAE04EC0-301F-11D3-BF4B-00C04F79EFBC}") = "Estimation", "src\Estimation\Estimation.csproj", "{A011AE85-05C6-19FB-5AF7-68094457D2A2}"
EndProject
Project("{FAE04EC0-301F-11D3-BF4B-00C04F79EFBC}") = "Estimation.Excel", "src\Estimation.Excel\Estimation.Excel.csproj", "{4A8B7D4C-F3DE-BDB7-0609-40F69AC85C00}"
EndProject
Project("{FAE04EC0-301F-11D3-BF4B-00C04F79EFBC}") = "Estimation.Core", "src\Estimation.Core\Estimation.Core.csproj", "{A69E4B77-F6E9-C841-EABA-A9A2BB10830C}"
EndProject
Project("{FAE04EC0-301F-11D3-BF4B-00C04F79EFBC}") = "Estimation.Shared.UI", "src\Estimation.Shared.UI\Estimation.Shared.UI.csproj", "{80C697AD-7C14-CC43-47E1-24AAC2C4489D}"
EndProject
Project("{2150E333-8FDC-42A3-9474-1A3956D46DE8}") = "tests", "tests", "{1F4A8020-DBA6-40E8-B3BB-C5983EC00448}"
EndProject
Project("{FAE04EC0-301F-11D3-BF4B-00C04F79EFBC}") = "Estimation.Core.Tests", "tests\Estimation.Core.Tests\Estimation.Core.Tests.csproj", "{A930B946-CEFC-84BF-DB34-46627F3C5157}"
EndProject
Project("{FAE04EC0-301F-11D3-BF4B-00C04F79EFBC}") = "Estimation.Tests", "tests\Estimation.Tests\Estimation.Tests.csproj", "{6C3734FE-08AF-FF06-9A0B-E5E9F5503A88}"
EndProject
Project("{FAE04EC0-301F-11D3-BF4B-00C04F79EFBC}") = "Estimation.Excel.Tests", "tests\Estimation.Excel.Tests\Estimation.Excel.Tests.csproj", "{90043E09-7265-486C-BEBB-47F5FB75ACD4}"
EndProject
Project("{2150E333-8FDC-42A3-9474-1A3956D46DE8}") = "src", "src", "{827E0CD3-B72D-47B6-A68D-7590B98EB39B}"
EndProject
Project("{FAE04EC0-301F-11D3-BF4B-00C04F79EFBC}") = "Estimation.ArtPlanning", "src\Estimation.ArtPlanning\Estimation.ArtPlanning.csproj", "{3B2F6A30-6FF4-454E-9917-66277A9FB5FD}"
EndProject
Project("{FAE04EC0-301F-11D3-BF4B-00C04F79EFBC}") = "Estimation.ArtPlanning.Tests", "tests\Estimation.ArtPlanning.Tests\Estimation.ArtPlanning.Tests.csproj", "{83DD322A-BEC8-4913-89C9-0AE7C39BA52C}"
EndProject
Global
	GlobalSection(SolutionConfigurationPlatforms) = preSolution
		Debug|Any CPU = Debug|Any CPU
		Debug|x64 = Debug|x64
		Debug|x86 = Debug|x86
		Release|Any CPU = Release|Any CPU
		Release|x64 = Release|x64
		Release|x86 = Release|x86
	EndGlobalSection
	GlobalSection(ProjectConfigurationPlatforms) = postSolution
		{A011AE85-05C6-19FB-5AF7-68094457D2A2}.Debug|Any CPU.ActiveCfg = Debug|Any CPU
		{A011AE85-05C6-19FB-5AF7-68094457D2A2}.Debug|Any CPU.Build.0 = Debug|Any CPU
		{A011AE85-05C6-19FB-5AF7-68094457D2A2}.Debug|x64.ActiveCfg = Debug|Any CPU
		{A011AE85-05C6-19FB-5AF7-68094457D2A2}.Debug|x64.Build.0 = Debug|Any CPU
		{A011AE85-05C6-19FB-5AF7-68094457D2A2}.Debug|x86.ActiveCfg = Debug|Any CPU
		{A011AE85-05C6-19FB-5AF7-68094457D2A2}.Debug|x86.Build.0 = Debug|Any CPU
		{A011AE85-05C6-19FB-5AF7-68094457D2A2}.Release|Any CPU.ActiveCfg = Release|Any CPU
		{A011AE85-05C6-19FB-5AF7-68094457D2A2}.Release|Any CPU.Build.0 = Release|Any CPU
		{A011AE85-05C6-19FB-5AF7-68094457D2A2}.Release|x64.ActiveCfg = Release|Any CPU
		{A011AE85-05C6-19FB-5AF7-68094457D2A2}.Release|x64.Build.0 = Release|Any CPU
		{A011AE85-05C6-19FB-5AF7-68094457D2A2}.Release|x86.ActiveCfg = Release|Any CPU
		{A011AE85-05C6-19FB-5AF7-68094457D2A2}.Release|x86.Build.0 = Release|Any CPU
		{4A8B7D4C-F3DE-BDB7-0609-40F69AC85C00}.Debug|Any CPU.ActiveCfg = Debug|Any CPU
		{4A8B7D4C-F3DE-BDB7-0609-40F69AC85C00}.Debug|Any CPU.Build.0 = Debug|Any CPU
		{4A8B7D4C-F3DE-BDB7-0609-40F69AC85C00}.Debug|x64.ActiveCfg = Debug|Any CPU
		{4A8B7D4C-F3DE-BDB7-0609-40F69AC85C00}.Debug|x64.Build.0 = Debug|Any CPU
		{4A8B7D4C-F3DE-BDB7-0609-40F69AC85C00}.Debug|x86.ActiveCfg = Debug|Any CPU
		{4A8B7D4C-F3DE-BDB7-0609-40F69AC85C00}.Debug|x86.Build.0 = Debug|Any CPU
		{4A8B7D4C-F3DE-BDB7-0609-40F69AC85C00}.Release|Any CPU.ActiveCfg = Release|Any CPU
		{4A8B7D4C-F3DE-BDB7-0609-40F69AC85C00}.Release|Any CPU.Build.0 = Release|Any CPU
		{4A8B7D4C-F3DE-BDB7-0609-40F69AC85C00}.Release|x64.ActiveCfg = Release|Any CPU
		{4A8B7D4C-F3DE-BDB7-0609-40F69AC85C00}.Release|x64.Build.0 = Release|Any CPU
		{4A8B7D4C-F3DE-BDB7-0609-40F69AC85C00}.Release|x86.ActiveCfg = Release|Any CPU
		{4A8B7D4C-F3DE-BDB7-0609-40F69AC85C00}.Release|x86.Build.0 = Release|Any CPU
		{A69E4B77-F6E9-C841-EABA-A9A2BB10830C}.Debug|Any CPU.ActiveCfg = Debug|Any CPU
		{A69E4B77-F6E9-C841-EABA-A9A2BB10830C}.Debug|Any CPU.Build.0 = Debug|Any CPU
		{A69E4B77-F6E9-C841-EABA-A9A2BB10830C}.Debug|x64.ActiveCfg = Debug|Any CPU
		{A69E4B77-F6E9-C841-EABA-A9A2BB10830C}.Debug|x64.Build.0 = Debug|Any CPU
		{A69E4B77-F6E9-C841-EABA-A9A2BB10830C}.Debug|x86.ActiveCfg = Debug|Any CPU
		{A69E4B77-F6E9-C841-EABA-A9A2BB10830C}.Debug|x86.Build.0 = Debug|Any CPU
		{A69E4B77-F6E9-C841-EABA-A9A2BB10830C}.Release|Any CPU.ActiveCfg = Release|Any CPU
		{A69E4B77-F6E9-C841-EABA-A9A2BB10830C}.Release|Any CPU.Build.0 = Release|Any CPU
		{A69E4B77-F6E9-C841-EABA-A9A2BB10830C}.Release|x64.ActiveCfg = Release|Any CPU
		{A69E4B77-F6E9-C841-EABA-A9A2BB10830C}.Release|x64.Build.0 = Release|Any CPU
		{A69E4B77-F6E9-C841-EABA-A9A2BB10830C}.Release|x86.ActiveCfg = Release|Any CPU
		{A69E4B77-F6E9-C841-EABA-A9A2BB10830C}.Release|x86.Build.0 = Release|Any CPU
		{80C697AD-7C14-CC43-47E1-24AAC2C4489D}.Debug|Any CPU.ActiveCfg = Debug|Any CPU
		{80C697AD-7C14-CC43-47E1-24AAC2C4489D}.Debug|Any CPU.Build.0 = Debug|Any CPU
		{80C697AD-7C14-CC43-47E1-24AAC2C4489D}.Debug|x64.ActiveCfg = Debug|Any CPU
		{80C697AD-7C14-CC43-47E1-24AAC2C4489D}.Debug|x64.Build.0 = Debug|Any CPU
		{80C697AD-7C14-CC43-47E1-24AAC2C4489D}.Debug|x86.ActiveCfg = Debug|Any CPU
		{80C697AD-7C14-CC43-47E1-24AAC2C4489D}.Debug|x86.Build.0 = Debug|Any CPU
		{80C697AD-7C14-CC43-47E1-24AAC2C4489D}.Release|Any CPU.ActiveCfg = Release|Any CPU
		{80C697AD-7C14-CC43-47E1-24AAC2C4489D}.Release|Any CPU.Build.0 = Release|Any CPU
		{80C697AD-7C14-CC43-47E1-24AAC2C4489D}.Release|x64.ActiveCfg = Release|Any CPU
		{80C697AD-7C14-CC43-47E1-24AAC2C4489D}.Release|x64.Build.0 = Release|Any CPU
		{80C697AD-7C14-CC43-47E1-24AAC2C4489D}.Release|x86.ActiveCfg = Release|Any CPU
		{80C697AD-7C14-CC43-47E1-24AAC2C4489D}.Release|x86.Build.0 = Release|Any CPU
		{A930B946-CEFC-84BF-DB34-46627F3C5157}.Debug|Any CPU.ActiveCfg = Debug|Any CPU
		{A930B946-CEFC-84BF-DB34-46627F3C5157}.Debug|Any CPU.Build.0 = Debug|Any CPU
		{A930B946-CEFC-84BF-DB34-46627F3C5157}.Debug|x64.ActiveCfg = Debug|Any CPU
		{A930B946-CEFC-84BF-DB34-46627F3C5157}.Debug|x64.Build.0 = Debug|Any CPU
		{A930B946-CEFC-84BF-DB34-46627F3C5157}.Debug|x86.ActiveCfg = Debug|Any CPU
		{A930B946-CEFC-84BF-DB34-46627F3C5157}.Debug|x86.Build.0 = Debug|Any CPU
		{A930B946-CEFC-84BF-DB34-46627F3C5157}.Release|Any CPU.ActiveCfg = Release|Any CPU
		{A930B946-CEFC-84BF-DB34-46627F3C5157}.Release|Any CPU.Build.0 = Release|Any CPU
		{A930B946-CEFC-84BF-DB34-46627F3C5157}.Release|x64.ActiveCfg = Release|Any CPU
		{A930B946-CEFC-84BF-DB34-46627F3C5157}.Release|x64.Build.0 = Release|Any CPU
		{A930B946-CEFC-84BF-DB34-46627F3C5157}.Release|x86.ActiveCfg = Release|Any CPU
		{A930B946-CEFC-84BF-DB34-46627F3C5157}.Release|x86.Build.0 = Release|Any CPU
		{6C3734FE-08AF-FF06-9A0B-E5E9F5503A88}.Debug|Any CPU.ActiveCfg = Debug|Any CPU
		{6C3734FE-08AF-FF06-9A0B-E5E9F5503A88}.Debug|Any CPU.Build.0 = Debug|Any CPU
		{6C3734FE-08AF-FF06-9A0B-E5E9F5503A88}.Debug|x64.ActiveCfg = Debug|Any CPU
		{6C3734FE-08AF-FF06-9A0B-E5E9F5503A88}.Debug|x64.Build.0 = Debug|Any CPU
		{6C3734FE-08AF-FF06-9A0B-E5E9F5503A88}.Debug|x86.ActiveCfg = Debug|Any CPU
		{6C3734FE-08AF-FF06-9A0B-E5E9F5503A88}.Debug|x86.Build.0 = Debug|Any CPU
		{6C3734FE-08AF-FF06-9A0B-E5E9F5503A88}.Release|Any CPU.ActiveCfg = Release|Any CPU
		{6C3734FE-08AF-FF06-9A0B-E5E9F5503A88}.Release|Any CPU.Build.0 = Release|Any CPU
		{6C3734FE-08AF-FF06-9A0B-E5E9F5503A88}.Release|x64.ActiveCfg = Release|Any CPU
		{6C3734FE-08AF-FF06-9A0B-E5E9F5503A88}.Release|x64.Build.0 = Release|Any CPU
		{6C3734FE-08AF-FF06-9A0B-E5E9F5503A88}.Release|x86.ActiveCfg = Release|Any CPU
		{6C3734FE-08AF-FF06-9A0B-E5E9F5503A88}.Release|x86.Build.0 = Release|Any CPU
		{90043E09-7265-486C-BEBB-47F5FB75ACD4}.Debug|Any CPU.ActiveCfg = Debug|Any CPU
		{90043E09-7265-486C-BEBB-47F5FB75ACD4}.Debug|Any CPU.Build.0 = Debug|Any CPU
		{90043E09-7265-486C-BEBB-47F5FB75ACD4}.Debug|x64.ActiveCfg = Debug|Any CPU
		{90043E09-7265-486C-BEBB-47F5FB75ACD4}.Debug|x64.Build.0 = Debug|Any CPU
		{90043E09-7265-486C-BEBB-47F5FB75ACD4}.Debug|x86.ActiveCfg = Debug|Any CPU
		{90043E09-7265-486C-BEBB-47F5FB75ACD4}.Debug|x86.Build.0 = Debug|Any CPU
		{90043E09-7265-486C-BEBB-47F5FB75ACD4}.Release|Any CPU.ActiveCfg = Release|Any CPU
		{90043E09-7265-486C-BEBB-47F5FB75ACD4}.Release|Any CPU.Build.0 = Release|Any CPU
		{90043E09-7265-486C-BEBB-47F5FB75ACD4}.Release|x64.ActiveCfg = Release|Any CPU
		{90043E09-7265-486C-BEBB-47F5FB75ACD4}.Release|x64.Build.0 = Release|Any CPU
		{90043E09-7265-486C-BEBB-47F5FB75ACD4}.Release|x86.ActiveCfg = Release|Any CPU
		{90043E09-7265-486C-BEBB-47F5FB75ACD4}.Release|x86.Build.0 = Release|Any CPU
		{3B2F6A30-6FF4-454E-9917-66277A9FB5FD}.Debug|Any CPU.ActiveCfg = Debug|Any CPU
		{3B2F6A30-6FF4-454E-9917-66277A9FB5FD}.Debug|Any CPU.Build.0 = Debug|Any CPU
		{3B2F6A30-6FF4-454E-9917-66277A9FB5FD}.Debug|x64.ActiveCfg = Debug|Any CPU
		{3B2F6A30-6FF4-454E-9917-66277A9FB5FD}.Debug|x64.Build.0 = Debug|Any CPU
		{3B2F6A30-6FF4-454E-9917-66277A9FB5FD}.Debug|x86.ActiveCfg = Debug|Any CPU
		{3B2F6A30-6FF4-454E-9917-66277A9FB5FD}.Debug|x86.Build.0 = Debug|Any CPU
		{3B2F6A30-6FF4-454E-9917-66277A9FB5FD}.Release|Any CPU.ActiveCfg = Release|Any CPU
		{3B2F6A30-6FF4-454E-9917-66277A9FB5FD}.Release|Any CPU.Build.0 = Release|Any CPU
		{3B2F6A30-6FF4-454E-9917-66277A9FB5FD}.Release|x64.ActiveCfg = Release|Any CPU
		{3B2F6A30-6FF4-454E-9917-66277A9FB5FD}.Release|x64.Build.0 = Release|Any CPU
		{3B2F6A30-6FF4-454E-9917-66277A9FB5FD}.Release|x86.ActiveCfg = Release|Any CPU
		{3B2F6A30-6FF4-454E-9917-66277A9FB5FD}.Release|x86.Build.0 = Release|Any CPU
		{83DD322A-BEC8-4913-89C9-0AE7C39BA52C}.Debug|Any CPU.ActiveCfg = Debug|Any CPU
		{83DD322A-BEC8-4913-89C9-0AE7C39BA52C}.Debug|Any CPU.Build.0 = Debug|Any CPU
		{83DD322A-BEC8-4913-89C9-0AE7C39BA52C}.Debug|x64.ActiveCfg = Debug|Any CPU
		{83DD322A-BEC8-4913-89C9-0AE7C39BA52C}.Debug|x64.Build.0 = Debug|Any CPU
		{83DD322A-BEC8-4913-89C9-0AE7C39BA52C}.Debug|x86.ActiveCfg = Debug|Any CPU
		{83DD322A-BEC8-4913-89C9-0AE7C39BA52C}.Debug|x86.Build.0 = Debug|Any CPU
		{83DD322A-BEC8-4913-89C9-0AE7C39BA52C}.Release|Any CPU.ActiveCfg = Release|Any CPU
		{83DD322A-BEC8-4913-89C9-0AE7C39BA52C}.Release|Any CPU.Build.0 = Release|Any CPU
		{83DD322A-BEC8-4913-89C9-0AE7C39BA52C}.Release|x64.ActiveCfg = Release|Any CPU
		{83DD322A-BEC8-4913-89C9-0AE7C39BA52C}.Release|x64.Build.0 = Release|Any CPU
		{83DD322A-BEC8-4913-89C9-0AE7C39BA52C}.Release|x86.ActiveCfg = Release|Any CPU
		{83DD322A-BEC8-4913-89C9-0AE7C39BA52C}.Release|x86.Build.0 = Release|Any CPU
	EndGlobalSection
	GlobalSection(SolutionProperties) = preSolution
		HideSolutionNode = FALSE
	EndGlobalSection
	GlobalSection(NestedProjects) = preSolution
		{A930B946-CEFC-84BF-DB34-46627F3C5157} = {1F4A8020-DBA6-40E8-B3BB-C5983EC00448}
		{6C3734FE-08AF-FF06-9A0B-E5E9F5503A88} = {1F4A8020-DBA6-40E8-B3BB-C5983EC00448}
		{90043E09-7265-486C-BEBB-47F5FB75ACD4} = {1F4A8020-DBA6-40E8-B3BB-C5983EC00448}
		{3B2F6A30-6FF4-454E-9917-66277A9FB5FD} = {827E0CD3-B72D-47B6-A68D-7590B98EB39B}
		{83DD322A-BEC8-4913-89C9-0AE7C39BA52C} = {1F4A8020-DBA6-40E8-B3BB-C5983EC00448}
	EndGlobalSection
	GlobalSection(ExtensibilityGlobals) = postSolution
		SolutionGuid = {7154D8D1-5E76-48DB-BF50-B1861FE3E75E}
	EndGlobalSection
EndGlobal
